<?xml version="1.0" encoding="utf-8"?>
<Project ToolsVersion="4.0" xmlns="http://schemas.microsoft.com/developer/msbuild/2003">
  <ItemGroup>
    <Filter Include="99.Default">
      <UniqueIdentifier>{17a7c739-64ea-47d0-8192-3ba062e87343}</UniqueIdentifier>
    </Filter>
    <Filter Include="1.MainGame">
      <UniqueIdentifier>{9cd1dd64-80a6-4751-be61-afc0e050246e}</UniqueIdentifier>
    </Filter>
    <Filter Include="98.Headers">
      <UniqueIdentifier>{19ac6b67-0879-47ca-97f0-fdec2d3bdf27}</UniqueIdentifier>
    </Filter>
    <Filter Include="2.Scene">
      <UniqueIdentifier>{25650145-db74-4c30-a7b7-be19dfe119ee}</UniqueIdentifier>
    </Filter>
    <Filter Include="2.Scene\2-1.Logo">
      <UniqueIdentifier>{ce7ccc00-a4fb-4a96-9e91-bd8e9a402fab}</UniqueIdentifier>
    </Filter>
    <Filter Include="2.Scene\2-2.Stage">
      <UniqueIdentifier>{4c1b29b4-0e4b-4d61-b1ba-f7c08bbe8350}</UniqueIdentifier>
    </Filter>
    <Filter Include="3.Obj">
      <UniqueIdentifier>{f408bf7d-3ca3-408a-b1ee-0cd3076af980}</UniqueIdentifier>
    </Filter>
    <Filter Include="3.Obj\3-1.BackGround">
      <UniqueIdentifier>{0bd82178-9056-4279-b029-52c840c9a1e0}</UniqueIdentifier>
    </Filter>
    <Filter Include="3.Obj\3-2.Player">
      <UniqueIdentifier>{22178934-8566-496a-931e-c06abe465790}</UniqueIdentifier>
    </Filter>
    <Filter Include="3.Obj\3-2.Player\a.Body">
      <UniqueIdentifier>{7edaa037-83eb-4ad6-9fe8-e8326238f914}</UniqueIdentifier>
    </Filter>
    <Filter Include="3.Obj\3-2.Player\b.Head">
      <UniqueIdentifier>{ca279a9e-0755-4473-b693-0efe27de17ae}</UniqueIdentifier>
    </Filter>
    <Filter Include="3.Obj\3-2.Player\c.FaceCostume">
      <UniqueIdentifier>{b9c7a4ce-e048-4b4a-9d63-986d6f3483c5}</UniqueIdentifier>
    </Filter>
    <Filter Include="3.Obj\3-2.Player\d.HatCostume">
      <UniqueIdentifier>{55a0982c-8b7b-4184-bfd5-0ba9982f8f0e}</UniqueIdentifier>
    </Filter>
    <Filter Include="3.Obj\3-3.Tear">
      <UniqueIdentifier>{5b7a2990-4906-41fe-acff-674ca5f78053}</UniqueIdentifier>
    </Filter>
    <Filter Include="3.Obj\3-4.Bullet">
      <UniqueIdentifier>{8a7518b6-d763-489b-8bd1-13e754fe135d}</UniqueIdentifier>
    </Filter>
    <Filter Include="3.Obj\3-5.Monster">
      <UniqueIdentifier>{a98f5a80-a4b7-496c-99a3-260c796f0bd8}</UniqueIdentifier>
    </Filter>
    <Filter Include="3.Obj\3-6.Boss">
      <UniqueIdentifier>{4db3898b-fb55-4213-8527-c0d29cd7f522}</UniqueIdentifier>
    </Filter>
    <Filter Include="3.Obj\3-7.UI">
      <UniqueIdentifier>{4412fd35-fdd0-4ec7-b45c-3ef9cd4569a5}</UniqueIdentifier>
    </Filter>
    <Filter Include="3.Obj\3-8.Item">
      <UniqueIdentifier>{3c8cb8b7-0f39-4c19-91b1-6e2e8e243a1c}</UniqueIdentifier>
    </Filter>
    <Filter Include="3.Obj\3-9.Effect">
      <UniqueIdentifier>{4f6460d9-be72-4e5f-846d-e5eb2afc0512}</UniqueIdentifier>
    </Filter>
    <Filter Include="3.Obj\3-10.Bomb">
      <UniqueIdentifier>{07304464-4aca-4bee-ab1d-71c961a41f93}</UniqueIdentifier>
    </Filter>
    <Filter Include="3.Obj\3-11.Missile">
      <UniqueIdentifier>{fe80633b-8789-42b3-b056-bd2c94727629}</UniqueIdentifier>
    </Filter>
    <Filter Include="3.Obj\3-5.Monster\a.BlackFly">
      <UniqueIdentifier>{82c25128-376e-47f7-aa5a-2a3b03988d09}</UniqueIdentifier>
    </Filter>
    <Filter Include="3.Obj\3-5.Monster\b.AttackFly">
      <UniqueIdentifier>{7da0410e-3f75-490d-9dc3-7cda936e7af8}</UniqueIdentifier>
    </Filter>
    <Filter Include="3.Obj\3-5.Monster\c.Gaper">
      <UniqueIdentifier>{07d9ee89-e7fd-4f18-87b6-7cb9e68c9e0a}</UniqueIdentifier>
    </Filter>
    <Filter Include="3.Obj\3-5.Monster\d.Horf">
      <UniqueIdentifier>{f7aa10db-c305-4d40-8435-734b3c6bd052}</UniqueIdentifier>
    </Filter>
    <Filter Include="3.Obj\3-5.Monster\e.RedHost">
      <UniqueIdentifier>{afb8f4d9-9427-4918-a734-d6c3f4a7dd64}</UniqueIdentifier>
    </Filter>
    <Filter Include="3.Obj\3-6.Boss\a.BigSteven">
      <UniqueIdentifier>{9b940c9a-da15-4357-b3c5-e7f00a1477c8}</UniqueIdentifier>
    </Filter>
    <Filter Include="3.Obj\3-6.Boss\b.SmallSteven">
      <UniqueIdentifier>{6a148afa-2389-4544-aaca-e0445f7a53b7}</UniqueIdentifier>
    </Filter>
    <Filter Include="3.Obj\3-6.Boss\a.BigSteven\a.Body">
      <UniqueIdentifier>{5e8e94db-9d5d-43a6-a48f-edfddb5063bd}</UniqueIdentifier>
    </Filter>
    <Filter Include="3.Obj\3-6.Boss\a.BigSteven\b.Head">
      <UniqueIdentifier>{ba0f13d9-90b6-43f8-8b7c-d19b431dbc0f}</UniqueIdentifier>
    </Filter>
    <Filter Include="3.Obj\3-7.UI\a.HP">
      <UniqueIdentifier>{14edce91-0faf-4c23-9f89-c1a19c1cc0d7}</UniqueIdentifier>
    </Filter>
    <Filter Include="3.Obj\3-7.UI\b.BossHP">
      <UniqueIdentifier>{2a96c8d4-e4da-4cdc-a4b1-8753b92cc4dc}</UniqueIdentifier>
    </Filter>
    <Filter Include="3.Obj\3-7.UI\c.PickUpUI">
      <UniqueIdentifier>{18cc1c0a-eead-4f63-b8ba-0cc240b87b8c}</UniqueIdentifier>
    </Filter>
    <Filter Include="3.Obj\3-8.Item\a.Passive">
      <UniqueIdentifier>{110f16a9-3462-42f8-b426-33cab1ea9ba8}</UniqueIdentifier>
    </Filter>
    <Filter Include="3.Obj\3-8.Item\b.Pickup">
      <UniqueIdentifier>{7d6426ae-1ea2-4946-98c8-70398388f07e}</UniqueIdentifier>
    </Filter>
    <Filter Include="4.Design">
      <UniqueIdentifier>{e9623b74-c8ed-4df3-941d-ca56ca2ce14f}</UniqueIdentifier>
    </Filter>
    <Filter Include="4.Design\4-1.Factory">
      <UniqueIdentifier>{907701be-2326-4c99-8b9b-e7ead3770a78}</UniqueIdentifier>
    </Filter>
    <Filter Include="4.Design\4-1.Factory\a.ObjFactory">
      <UniqueIdentifier>{3f9371aa-f79c-4bd9-829d-1ff44ac2dc3f}</UniqueIdentifier>
    </Filter>
    <Filter Include="5.Texture">
      <UniqueIdentifier>{54a2fbe5-1670-45fe-a9ed-9a1b41f4d50e}</UniqueIdentifier>
    </Filter>
    <Filter Include="5.Texture\5-1.SingleTexture">
      <UniqueIdentifier>{7750ab15-458f-4caf-892a-e27bc625b9be}</UniqueIdentifier>
    </Filter>
    <Filter Include="5.Texture\5-2.MultiTexture">
      <UniqueIdentifier>{cf4c4d7d-900c-4dbc-a610-c9c93ed169a7}</UniqueIdentifier>
    </Filter>
    <Filter Include="6.Mgr">
      <UniqueIdentifier>{a78f5b10-58eb-406b-9d32-52cbcf75fb8c}</UniqueIdentifier>
    </Filter>
    <Filter Include="6.Mgr\6-1.Device">
      <UniqueIdentifier>{b86529b1-c3ad-4a02-b8b7-4518bb69ffe6}</UniqueIdentifier>
    </Filter>
    <Filter Include="6.Mgr\6-2.TextureMgr">
      <UniqueIdentifier>{d7a09e22-20a5-421f-b24e-7dd08224a65e}</UniqueIdentifier>
    </Filter>
    <Filter Include="6.Mgr\6-3.SceneMgr">
      <UniqueIdentifier>{27c56599-f1bc-4af8-bff6-2f6d3fcde886}</UniqueIdentifier>
    </Filter>
    <Filter Include="6.Mgr\6-4.ObjMgr">
      <UniqueIdentifier>{32f23865-a377-4672-9930-a2ba904203d3}</UniqueIdentifier>
    </Filter>
    <Filter Include="6.Mgr\6-5.TimeMgr">
      <UniqueIdentifier>{1a4cd940-0bd7-403c-b298-c590c34b420d}</UniqueIdentifier>
    </Filter>
    <Filter Include="6.Mgr\6-6.AStar">
      <UniqueIdentifier>{2a7dbb88-bb67-4eac-8f97-879a73c35f2d}</UniqueIdentifier>
    </Filter>
    <Filter Include="6.Mgr\6-7.KeyMgr">
      <UniqueIdentifier>{79f95250-aa34-4616-af90-883158cae8a7}</UniqueIdentifier>
    </Filter>
    <Filter Include="6.Mgr\6-8.TileMgr">
      <UniqueIdentifier>{2392a835-61eb-43aa-a47b-2a8f86a49a3f}</UniqueIdentifier>
    </Filter>
    <Filter Include="6.Mgr\6-9,SoundMgr">
      <UniqueIdentifier>{ed5d1930-30dc-41ca-9ca0-9121e20b048e}</UniqueIdentifier>
    </Filter>
    <Filter Include="6.Mgr\6-7.KeyMgr\a.Key_You">
      <UniqueIdentifier>{0d1c9643-396c-46f0-8f55-c3078dcc81a1}</UniqueIdentifier>
    </Filter>
    <Filter Include="6.Mgr\6-7.KeyMgr\b.Key_Song">
      <UniqueIdentifier>{68dd212b-c174-423c-b855-b2ae9409d9d3}</UniqueIdentifier>
    </Filter>
  </ItemGroup>
  <ItemGroup>
    <ClInclude Include="resource.h">
      <Filter>99.Default</Filter>
    </ClInclude>
    <ClInclude Include="stdafx.h">
      <Filter>99.Default</Filter>
    </ClInclude>
    <ClInclude Include="TankFighters.h">
      <Filter>99.Default</Filter>
    </ClInclude>
    <ClInclude Include="targetver.h">
      <Filter>99.Default</Filter>
    </ClInclude>
    <ClInclude Include="MainGame.h">
      <Filter>1.MainGame</Filter>
    </ClInclude>
    <ClInclude Include="define.h">
      <Filter>98.Headers</Filter>
    </ClInclude>
    <ClInclude Include="enum.h">
      <Filter>98.Headers</Filter>
    </ClInclude>
    <ClInclude Include="function.h">
      <Filter>98.Headers</Filter>
    </ClInclude>
    <ClInclude Include="Include.h">
      <Filter>98.Headers</Filter>
    </ClInclude>
    <ClInclude Include="struct.h">
      <Filter>98.Headers</Filter>
    </ClInclude>
    <ClInclude Include="value.h">
      <Filter>98.Headers</Filter>
    </ClInclude>
    <ClInclude Include="Scene.h">
      <Filter>2.Scene</Filter>
    </ClInclude>
    <ClInclude Include="Stage.h">
      <Filter>2.Scene\2-2.Stage</Filter>
    </ClInclude>
    <ClInclude Include="Logo.h">
      <Filter>2.Scene\2-1.Logo</Filter>
    </ClInclude>
    <ClInclude Include="Obj.h">
      <Filter>3.Obj</Filter>
    </ClInclude>
    <ClInclude Include="BackGround.h">
      <Filter>3.Obj\3-1.BackGround</Filter>
    </ClInclude>
    <ClInclude Include="Player_Body.h">
      <Filter>3.Obj\3-2.Player\a.Body</Filter>
    </ClInclude>
    <ClInclude Include="Player_Head.h">
      <Filter>3.Obj\3-2.Player\b.Head</Filter>
    </ClInclude>
    <ClInclude Include="FaceCostume.h">
      <Filter>3.Obj\3-2.Player\c.FaceCostume</Filter>
    </ClInclude>
    <ClInclude Include="HatCostume.h">
      <Filter>3.Obj\3-2.Player\d.HatCostume</Filter>
    </ClInclude>
    <ClInclude Include="Player.h">
      <Filter>3.Obj\3-2.Player</Filter>
    </ClInclude>
    <ClInclude Include="Tear.h">
      <Filter>3.Obj\3-3.Tear</Filter>
    </ClInclude>
    <ClInclude Include="Bullet.h">
      <Filter>3.Obj\3-4.Bullet</Filter>
    </ClInclude>
    <ClInclude Include="Monster.h">
      <Filter>3.Obj\3-5.Monster</Filter>
    </ClInclude>
    <ClInclude Include="BlackFly.h">
      <Filter>3.Obj\3-5.Monster\a.BlackFly</Filter>
    </ClInclude>
    <ClInclude Include="AttackFly.h">
      <Filter>3.Obj\3-5.Monster\b.AttackFly</Filter>
    </ClInclude>
    <ClInclude Include="Gaper.h">
      <Filter>3.Obj\3-5.Monster\c.Gaper</Filter>
    </ClInclude>
    <ClInclude Include="Horf.h">
      <Filter>3.Obj\3-5.Monster\d.Horf</Filter>
    </ClInclude>
    <ClInclude Include="RedHost.h">
      <Filter>3.Obj\3-5.Monster\e.RedHost</Filter>
    </ClInclude>
    <ClInclude Include="Boss.h">
      <Filter>3.Obj\3-6.Boss</Filter>
    </ClInclude>
    <ClInclude Include="BigStevenBody.h">
      <Filter>3.Obj\3-6.Boss\a.BigSteven\a.Body</Filter>
    </ClInclude>
    <ClInclude Include="BigStevenHead.h">
      <Filter>3.Obj\3-6.Boss\a.BigSteven\b.Head</Filter>
    </ClInclude>
    <ClInclude Include="BigSteven.h">
      <Filter>3.Obj\3-6.Boss\a.BigSteven</Filter>
    </ClInclude>
    <ClInclude Include="SmallSteven.h">
      <Filter>3.Obj\3-6.Boss\b.SmallSteven</Filter>
    </ClInclude>
    <ClInclude Include="HpUI.h">
      <Filter>3.Obj\3-7.UI\a.HP</Filter>
    </ClInclude>
    <ClInclude Include="BossHp.h">
      <Filter>3.Obj\3-7.UI\b.BossHP</Filter>
    </ClInclude>
    <ClInclude Include="PickupUI.h">
      <Filter>3.Obj\3-7.UI\c.PickUpUI</Filter>
    </ClInclude>
    <ClInclude Include="UI.h">
      <Filter>3.Obj\3-7.UI</Filter>
    </ClInclude>
    <ClInclude Include="PassiveItem.h">
      <Filter>3.Obj\3-8.Item\a.Passive</Filter>
    </ClInclude>
    <ClInclude Include="Pickup.h">
      <Filter>3.Obj\3-8.Item\b.Pickup</Filter>
    </ClInclude>
    <ClInclude Include="Item.h">
      <Filter>3.Obj\3-8.Item</Filter>
    </ClInclude>
    <ClInclude Include="Effect.h">
      <Filter>3.Obj\3-9.Effect</Filter>
    </ClInclude>
    <ClInclude Include="Bomb.h">
      <Filter>3.Obj\3-10.Bomb</Filter>
    </ClInclude>
    <ClInclude Include="Missile.h">
      <Filter>3.Obj\3-11.Missile</Filter>
    </ClInclude>
    <ClInclude Include="ObjFactory.h">
      <Filter>4.Design\4-1.Factory\a.ObjFactory</Filter>
    </ClInclude>
    <ClInclude Include="SingleTexture.h">
      <Filter>5.Texture\5-1.SingleTexture</Filter>
    </ClInclude>
    <ClInclude Include="MultiTexture.h">
      <Filter>5.Texture\5-2.MultiTexture</Filter>
    </ClInclude>
    <ClInclude Include="Texture.h">
      <Filter>5.Texture</Filter>
    </ClInclude>
    <ClInclude Include="Device.h">
      <Filter>6.Mgr\6-1.Device</Filter>
    </ClInclude>
    <ClInclude Include="TextureMgr.h">
      <Filter>6.Mgr\6-2.TextureMgr</Filter>
    </ClInclude>
    <ClInclude Include="SceneMgr.h">
      <Filter>6.Mgr\6-3.SceneMgr</Filter>
    </ClInclude>
    <ClInclude Include="ObjMgr.h">
      <Filter>6.Mgr\6-4.ObjMgr</Filter>
    </ClInclude>
    <ClInclude Include="TimeMgr.h">
      <Filter>6.Mgr\6-5.TimeMgr</Filter>
    </ClInclude>
    <ClInclude Include="AStar.h">
      <Filter>6.Mgr\6-6.AStar</Filter>
    </ClInclude>
    <ClInclude Include="KeyMgr.h">
      <Filter>6.Mgr\6-7.KeyMgr\a.Key_You</Filter>
    </ClInclude>
    <ClInclude Include="KeyMgr_Song.h">
      <Filter>6.Mgr\6-7.KeyMgr\b.Key_Song</Filter>
    </ClInclude>
    <ClInclude Include="TileMgr.h">
      <Filter>6.Mgr\6-8.TileMgr</Filter>
    </ClInclude>
    <ClInclude Include="SoundMgr.h">
      <Filter>6.Mgr\6-9,SoundMgr</Filter>
    </ClInclude>
  </ItemGroup>
  <ItemGroup>
    <ClCompile Include="TankFighters.cpp">
      <Filter>99.Default</Filter>
    </ClCompile>
    <ClCompile Include="stdafx.cpp">
      <Filter>99.Default</Filter>
    </ClCompile>
    <ClCompile Include="MainGame.cpp">
      <Filter>1.MainGame</Filter>
    </ClCompile>
    <ClCompile Include="Scene.cpp">
      <Filter>2.Scene</Filter>
    </ClCompile>
    <ClCompile Include="Stage.cpp">
      <Filter>2.Scene\2-2.Stage</Filter>
    </ClCompile>
    <ClCompile Include="Logo.cpp">
      <Filter>2.Scene\2-1.Logo</Filter>
    </ClCompile>
    <ClCompile Include="Obj.cpp">
      <Filter>3.Obj</Filter>
    </ClCompile>
    <ClCompile Include="BackGround.cpp">
      <Filter>3.Obj\3-1.BackGround</Filter>
    </ClCompile>
    <ClCompile Include="Player_Body.cpp">
      <Filter>3.Obj\3-2.Player\a.Body</Filter>
    </ClCompile>
    <ClCompile Include="Player_Head.cpp">
      <Filter>3.Obj\3-2.Player\b.Head</Filter>
    </ClCompile>
    <ClCompile Include="FaceCostume.cpp">
      <Filter>3.Obj\3-2.Player\c.FaceCostume</Filter>
    </ClCompile>
    <ClCompile Include="HatCostume.cpp">
      <Filter>3.Obj\3-2.Player\d.HatCostume</Filter>
    </ClCompile>
    <ClCompile Include="Player.cpp">
      <Filter>3.Obj\3-2.Player</Filter>
    </ClCompile>
    <ClCompile Include="Tear.cpp">
      <Filter>3.Obj\3-3.Tear</Filter>
    </ClCompile>
    <ClCompile Include="Bullet.cpp">
      <Filter>3.Obj\3-4.Bullet</Filter>
    </ClCompile>
    <ClCompile Include="Monster.cpp">
      <Filter>3.Obj\3-5.Monster</Filter>
    </ClCompile>
    <ClCompile Include="BlackFly.cpp">
      <Filter>3.Obj\3-5.Monster\a.BlackFly</Filter>
    </ClCompile>
    <ClCompile Include="AttackFly.cpp">
      <Filter>3.Obj\3-5.Monster\b.AttackFly</Filter>
    </ClCompile>
    <ClCompile Include="Gaper.cpp">
      <Filter>3.Obj\3-5.Monster\c.Gaper</Filter>
    </ClCompile>
    <ClCompile Include="Horf.cpp">
      <Filter>3.Obj\3-5.Monster\d.Horf</Filter>
    </ClCompile>
    <ClCompile Include="RedHost.cpp">
      <Filter>3.Obj\3-5.Monster\e.RedHost</Filter>
    </ClCompile>
    <ClCompile Include="Boss.cpp">
      <Filter>3.Obj\3-6.Boss</Filter>
    </ClCompile>
    <ClCompile Include="BigStevenBody.cpp">
      <Filter>3.Obj\3-6.Boss\a.BigSteven\a.Body</Filter>
    </ClCompile>
    <ClCompile Include="BigStevenHead.cpp">
      <Filter>3.Obj\3-6.Boss\a.BigSteven\b.Head</Filter>
    </ClCompile>
    <ClCompile Include="BigSteven.cpp">
      <Filter>3.Obj\3-6.Boss\a.BigSteven</Filter>
    </ClCompile>
    <ClCompile Include="SmallSteven.cpp">
      <Filter>3.Obj\3-6.Boss\b.SmallSteven</Filter>
    </ClCompile>
    <ClCompile Include="HpUI.cpp">
      <Filter>3.Obj\3-7.UI\a.HP</Filter>
    </ClCompile>
    <ClCompile Include="BossHp.cpp">
      <Filter>3.Obj\3-7.UI\b.BossHP</Filter>
    </ClCompile>
    <ClCompile Include="PickupUI.cpp">
      <Filter>3.Obj\3-7.UI\c.PickUpUI</Filter>
    </ClCompile>
    <ClCompile Include="UI.cpp">
      <Filter>3.Obj\3-7.UI</Filter>
    </ClCompile>
    <ClCompile Include="PassiveItem.cpp">
      <Filter>3.Obj\3-8.Item\a.Passive</Filter>
    </ClCompile>
    <ClCompile Include="Pickup.cpp">
      <Filter>3.Obj\3-8.Item\b.Pickup</Filter>
    </ClCompile>
    <ClCompile Include="Item.cpp">
      <Filter>3.Obj\3-8.Item</Filter>
    </ClCompile>
    <ClCompile Include="Effect.cpp">
      <Filter>3.Obj\3-9.Effect</Filter>
    </ClCompile>
    <ClCompile Include="Bomb.cpp">
      <Filter>3.Obj\3-10.Bomb</Filter>
    </ClCompile>
    <ClCompile Include="Missile.cpp">
      <Filter>3.Obj\3-11.Missile</Filter>
    </ClCompile>
    <ClCompile Include="SingleTexture.cpp">
      <Filter>5.Texture\5-1.SingleTexture</Filter>
    </ClCompile>
    <ClCompile Include="MultiTexture.cpp">
      <Filter>5.Texture\5-2.MultiTexture</Filter>
    </ClCompile>
    <ClCompile Include="Texture.cpp">
      <Filter>5.Texture</Filter>
    </ClCompile>
    <ClCompile Include="Device.cpp">
      <Filter>6.Mgr\6-1.Device</Filter>
    </ClCompile>
    <ClCompile Include="TextureMgr.cpp">
      <Filter>6.Mgr\6-2.TextureMgr</Filter>
    </ClCompile>
    <ClCompile Include="SceneMgr.cpp">
      <Filter>6.Mgr\6-3.SceneMgr</Filter>
    </ClCompile>
    <ClCompile Include="ObjMgr.cpp">
      <Filter>6.Mgr\6-4.ObjMgr</Filter>
    </ClCompile>
    <ClCompile Include="TimeMgr.cpp">
      <Filter>6.Mgr\6-5.TimeMgr</Filter>
    </ClCompile>
    <ClCompile Include="AStar.cpp">
      <Filter>6.Mgr\6-6.AStar</Filter>
    </ClCompile>
    <ClCompile Include="KeyMgr.cpp">
      <Filter>6.Mgr\6-7.KeyMgr\a.Key_You</Filter>
    </ClCompile>
    <ClCompile Include="KeyMgr_Song.cpp">
      <Filter>6.Mgr\6-7.KeyMgr\b.Key_Song</Filter>
    </ClCompile>
    <ClCompile Include="TileMgr.cpp">
      <Filter>6.Mgr\6-8.TileMgr</Filter>
    </ClCompile>
    <ClCompile Include="SoundMgr.cpp">
      <Filter>6.Mgr\6-9,SoundMgr</Filter>
    </ClCompile>
  </ItemGroup>
  <ItemGroup>
    <Image Include="small.ico">
      <Filter>99.Default</Filter>
    </Image>
    <Image Include="TankFighters.ico">
      <Filter>99.Default</Filter>
    </Image>
  </ItemGroup>
  <ItemGroup>
    <ResourceCompile Include="TankFighters.rc">
      <Filter>99.Default</Filter>
    </ResourceCompile>
  </ItemGroup>
</Project>